<?xml version="1.0" encoding="utf-8"?>
<Project ToolsVersion="4.0" xmlns="http://schemas.microsoft.com/developer/msbuild/2003">
  <ItemGroup>
    <Filter Include="Source Files">
      <UniqueIdentifier>{4FC737F1-C7A5-4376-A066-2A32D752A2FF}</UniqueIdentifier>
      <Extensions>cpp;c;cc;cxx;c++;cppm;ixx;def;odl;idl;hpj;bat;asm;asmx</Extensions>
    </Filter>
    <Filter Include="Header Files">
      <UniqueIdentifier>{93995380-89BD-4b04-88EB-625FBE52EBFB}</UniqueIdentifier>
      <Extensions>h;hh;hpp;hxx;h++;hm;inl;inc;ipp;xsd</Extensions>
    </Filter>
    <Filter Include="Resource Files">
      <UniqueIdentifier>{67DA6AB6-F800-4c08-8B7A-83BB121AAD01}</UniqueIdentifier>
      <Extensions>rc;ico;cur;bmp;dlg;rc2;rct;bin;rgs;gif;jpg;jpeg;jpe;resx;tiff;tif;png;wav;mfcribbon-ms</Extensions>
    </Filter>
    <Filter Include="Shaders">
      <UniqueIdentifier>{783f5c83-63e2-4d74-8318-edd613dd0694}</UniqueIdentifier>
    </Filter>
    <Filter Include="Camera">
      <UniqueIdentifier>{42f30ef9-aeca-46d1-88d0-b2c1c77cf088}</UniqueIdentifier>
    </Filter>
    <Filter Include="Game">
      <UniqueIdentifier>{37e55031-c1a3-4e57-9c94-87abb230c720}</UniqueIdentifier>
    </Filter>
    <Filter Include="Config">
      <UniqueIdentifier>{35b6c730-b3f3-4360-aa88-5a0f8ac2aa09}</UniqueIdentifier>
    </Filter>
    <Filter Include="Header Files\imgui">
      <UniqueIdentifier>{38bb2f51-f502-4871-9caa-5082fb5ebbf0}</UniqueIdentifier>
    </Filter>
    <Filter Include="Model">
      <UniqueIdentifier>{451c052c-22ae-41dc-b8b7-6df1b757745e}</UniqueIdentifier>
    </Filter>
    <Filter Include="Components">
      <UniqueIdentifier>{0ff71f71-e62c-4f63-bf2f-78de6c4d2fa2}</UniqueIdentifier>
    </Filter>
    <Filter Include="Model\Mesh">
      <UniqueIdentifier>{cb469ab9-99bb-40e2-b570-f7ab39c2c3a0}</UniqueIdentifier>
    </Filter>
    <Filter Include="Game\GameStates">
      <UniqueIdentifier>{7a78a48e-8aa1-40b8-834f-bec904f8eb6a}</UniqueIdentifier>
    </Filter>
    <Filter Include="Entity">
      <UniqueIdentifier>{d1a811e1-7f37-4178-985b-6197a4566c87}</UniqueIdentifier>
    </Filter>
    <Filter Include="Renderer">
      <UniqueIdentifier>{1be4c35a-4eb9-4efa-aeb6-d84821a95862}</UniqueIdentifier>
    </Filter>
    <Filter Include="MeshGenerator">
      <UniqueIdentifier>{4be6a1a0-3e70-4c72-b4da-774db3964070}</UniqueIdentifier>
    </Filter>
  </ItemGroup>
  <ItemGroup>
    <ClCompile Include="eDNA.cpp">
      <Filter>Source Files</Filter>
    </ClCompile>
    <ClCompile Include="Camera.cpp">
      <Filter>Camera</Filter>
    </ClCompile>
    <ClCompile Include="glad.c">
      <Filter>Header Files</Filter>
    </ClCompile>
    <ClCompile Include="Game.cpp">
      <Filter>Game</Filter>
    </ClCompile>
    <ClCompile Include="Mesh.cpp">
      <Filter>Model\Mesh</Filter>
    </ClCompile>
    <ClCompile Include="GameState.cpp">
      <Filter>Game\GameStates</Filter>
    </ClCompile>
    <ClCompile Include="WorldGameState.cpp">
      <Filter>Game\GameStates</Filter>
    </ClCompile>
    <ClCompile Include="includes\imgui\imgui.cpp">
      <Filter>Header Files\imgui</Filter>
    </ClCompile>
    <ClCompile Include="includes\imgui\imgui_demo.cpp">
      <Filter>Header Files\imgui</Filter>
    </ClCompile>
    <ClCompile Include="includes\imgui\imgui_draw.cpp">
      <Filter>Header Files\imgui</Filter>
    </ClCompile>
    <ClCompile Include="includes\imgui\imgui_impl_glfw.cpp">
      <Filter>Header Files\imgui</Filter>
    </ClCompile>
    <ClCompile Include="includes\imgui\imgui_impl_opengl3.cpp">
      <Filter>Header Files\imgui</Filter>
    </ClCompile>
    <ClCompile Include="includes\imgui\imgui_tables.cpp">
      <Filter>Header Files\imgui</Filter>
    </ClCompile>
    <ClCompile Include="includes\imgui\imgui_widgets.cpp">
      <Filter>Header Files\imgui</Filter>
    </ClCompile>
    <ClCompile Include="Model.cpp">
      <Filter>Model</Filter>
    </ClCompile>
    <ClCompile Include="CubeModel.cpp">
      <Filter>Model</Filter>
    </ClCompile>
    <ClCompile Include="Entity.cpp">
      <Filter>Entity</Filter>
    </ClCompile>
    <ClCompile Include="SceneRenderer.cpp">
      <Filter>Renderer</Filter>
    </ClCompile>
    <ClCompile Include="MeshGenerator.cpp">
      <Filter>MeshGenerator</Filter>
    </ClCompile>
  </ItemGroup>
  <ItemGroup>
    <ClInclude Include="glm.h">
      <Filter>Header Files</Filter>
    </ClInclude>
    <ClInclude Include="Camera.h">
      <Filter>Camera</Filter>
    </ClInclude>
    <ClInclude Include="stb.h">
      <Filter>Header Files</Filter>
    </ClInclude>
    <ClInclude Include="Shader.h">
      <Filter>Shaders</Filter>
    </ClInclude>
    <ClInclude Include="Game.h">
      <Filter>Game</Filter>
    </ClInclude>
    <ClInclude Include="Mesh.h">
      <Filter>Model\Mesh</Filter>
    </ClInclude>
    <ClInclude Include="GameState.h">
      <Filter>Game\GameStates</Filter>
    </ClInclude>
    <ClInclude Include="WorldGameState.h">
      <Filter>Game\GameStates</Filter>
    </ClInclude>
    <ClInclude Include="includes\imgui\imconfig.h">
      <Filter>Header Files\imgui</Filter>
    </ClInclude>
    <ClInclude Include="includes\imgui\imgui.h">
      <Filter>Header Files\imgui</Filter>
    </ClInclude>
    <ClInclude Include="includes\imgui\imgui_impl_glfw.h">
      <Filter>Header Files\imgui</Filter>
    </ClInclude>
    <ClInclude Include="includes\imgui\imgui_impl_opengl3.h">
      <Filter>Header Files\imgui</Filter>
    </ClInclude>
    <ClInclude Include="includes\imgui\imgui_impl_opengl3_loader.h">
      <Filter>Header Files\imgui</Filter>
    </ClInclude>
    <ClInclude Include="includes\imgui\imgui_internal.h">
      <Filter>Header Files\imgui</Filter>
    </ClInclude>
    <ClInclude Include="includes\imgui\imstb_rectpack.h">
      <Filter>Header Files\imgui</Filter>
    </ClInclude>
    <ClInclude Include="includes\imgui\imstb_textedit.h">
      <Filter>Header Files\imgui</Filter>
    </ClInclude>
    <ClInclude Include="includes\imgui\imstb_truetype.h">
      <Filter>Header Files\imgui</Filter>
    </ClInclude>
    <ClInclude Include="Model.h">
      <Filter>Model</Filter>
    </ClInclude>
    <ClInclude Include="CubeModel.h">
      <Filter>Model</Filter>
    </ClInclude>
    <ClInclude Include="PlayerInputComponent.h">
      <Filter>Components</Filter>
    </ClInclude>
    <ClInclude Include="Entity.h">
      <Filter>Entity</Filter>
    </ClInclude>
    <ClInclude Include="includes\entt\entt.hpp">
      <Filter>Header Files</Filter>
    </ClInclude>
    <ClInclude Include="TransformComponent.h">
      <Filter>Components</Filter>
    </ClInclude>
    <ClInclude Include="MeshComponent.h">
      <Filter>Components</Filter>
    </ClInclude>
    <ClInclude Include="TagComponent.h">
      <Filter>Components</Filter>
    </ClInclude>
    <ClInclude Include="SceneRenderer.h">
      <Filter>Renderer</Filter>
    </ClInclude>
    <ClInclude Include="AmbientLightComponent.h">
      <Filter>Components</Filter>
    </ClInclude>
    <ClInclude Include="PointLightComponent.h">
      <Filter>Components</Filter>
    </ClInclude>
    <ClInclude Include="DirectionalLightComponent.h">
      <Filter>Components</Filter>
    </ClInclude>
    <ClInclude Include="MeshGenerator.h">
      <Filter>MeshGenerator</Filter>
    </ClInclude>
  </ItemGroup>
  <ItemGroup>
    <None Include="shader.frag">
      <Filter>Shaders</Filter>
    </None>
    <None Include="shader.vert">
      <Filter>Shaders</Filter>
    </None>
    <None Include="config\window.ini">
      <Filter>Config</Filter>
    </None>
    <None Include="shadercolor.frag">
      <Filter>Shaders</Filter>
    </None>
  </ItemGroup>
  <ItemGroup>
    <Text Include="includes\entt\LICENSE.txt" />
  </ItemGroup>
</Project>